
Microsoft Visual Studio Solution File, Format Version 12.00
# Visual Studio 2013
VisualStudioVersion = 12.0.30110.0
MinimumVisualStudioVersion = 10.0.40219.1
Project("{F2A71F9B-5D33-465A-A702-920D77279786}") = "FSharpNews.DataPull.Service", "FSharpNews.DataPull.Service\FSharpNews.DataPull.Service.fsproj", "{ADCAEDC4-5172-4052-835F-EB206DE6ED06}"
EndProject
Project("{F2A71F9B-5D33-465A-A702-920D77279786}") = "FSharpNews.Data", "FSharpNews.Data\FSharpNews.Data.fsproj", "{A351991A-045F-4D07-94DD-C83BCF47790A}"
EndProject
Project("{F2A71F9B-5D33-465A-A702-920D77279786}") = "FSharpNews.Utils", "FSharpNews.Utils\FSharpNews.Utils.fsproj", "{18F43F82-0F6E-48F8-A57D-9ACBE5387CC3}"
EndProject
Project("{2150E333-8FDC-42A3-9474-1A3956D46DE8}") = ".nuget", ".nuget", "{E982D014-D4D7-46CB-A58C-9FD70CC16922}"
	ProjectSection(SolutionItems) = preProject
		.nuget\NuGet.Config = .nuget\NuGet.Config
		.nuget\NuGet.exe = .nuget\NuGet.exe
		.nuget\NuGet.targets = .nuget\NuGet.targets
	EndProjectSection
EndProject
Project("{F2A71F9B-5D33-465A-A702-920D77279786}") = "FSharpNews.Web.Frontend", "FSharpNews.Web.Frontend\FSharpNews.Web.Frontend.fsproj", "{643F630B-4897-4699-86D2-457E56D708F7}"
EndProject
Project("{F2A71F9B-5D33-465A-A702-920D77279786}") = "FSharpNews.Tests.Frontend", "FSharpNews.Tests.Frontend\FSharpNews.Tests.Frontend.fsproj", "{26B2695C-A5A5-47F6-8B4D-49899F56D3FB}"
EndProject
Project("{F2A71F9B-5D33-465A-A702-920D77279786}") = "FSharpNews.Tests.DataPull.Service", "FSharpNews.Tests.DataPull.Service\FSharpNews.Tests.DataPull.Service.fsproj", "{4CBAF9E7-72B3-4DC6-908B-C2B8A7E2C570}"
EndProject
Project("{2150E333-8FDC-42A3-9474-1A3956D46DE8}") = "Tests", "Tests", "{0E2AB779-B50C-4471-BE21-AE148EDE0B40}"
EndProject
Project("{F2A71F9B-5D33-465A-A702-920D77279786}") = "FSharpNews.Tests.Core", "FSharpNews.Tests.Core\FSharpNews.Tests.Core.fsproj", "{119CA9B4-CFB7-4FA5-A735-FE7C8C4F3E86}"
EndProject
Global
	GlobalSection(SolutionConfigurationPlatforms) = preSolution
		Debug|Any CPU = Debug|Any CPU
		Release|Any CPU = Release|Any CPU
	EndGlobalSection
	GlobalSection(ProjectConfigurationPlatforms) = postSolution
		{ADCAEDC4-5172-4052-835F-EB206DE6ED06}.Debug|Any CPU.ActiveCfg = Debug|Any CPU
		{ADCAEDC4-5172-4052-835F-EB206DE6ED06}.Debug|Any CPU.Build.0 = Debug|Any CPU
		{ADCAEDC4-5172-4052-835F-EB206DE6ED06}.Release|Any CPU.ActiveCfg = Release|Any CPU
		{ADCAEDC4-5172-4052-835F-EB206DE6ED06}.Release|Any CPU.Build.0 = Release|Any CPU
		{A351991A-045F-4D07-94DD-C83BCF47790A}.Debug|Any CPU.ActiveCfg = Debug|Any CPU
		{A351991A-045F-4D07-94DD-C83BCF47790A}.Debug|Any CPU.Build.0 = Debug|Any CPU
		{A351991A-045F-4D07-94DD-C83BCF47790A}.Release|Any CPU.ActiveCfg = Release|Any CPU
		{A351991A-045F-4D07-94DD-C83BCF47790A}.Release|Any CPU.Build.0 = Release|Any CPU
		{18F43F82-0F6E-48F8-A57D-9ACBE5387CC3}.Debug|Any CPU.ActiveCfg = Debug|Any CPU
		{18F43F82-0F6E-48F8-A57D-9ACBE5387CC3}.Debug|Any CPU.Build.0 = Debug|Any CPU
		{18F43F82-0F6E-48F8-A57D-9ACBE5387CC3}.Release|Any CPU.ActiveCfg = Release|Any CPU
		{18F43F82-0F6E-48F8-A57D-9ACBE5387CC3}.Release|Any CPU.Build.0 = Release|Any CPU
		{643F630B-4897-4699-86D2-457E56D708F7}.Debug|Any CPU.ActiveCfg = Debug|Any CPU
		{643F630B-4897-4699-86D2-457E56D708F7}.Debug|Any CPU.Build.0 = Debug|Any CPU
		{643F630B-4897-4699-86D2-457E56D708F7}.Release|Any CPU.ActiveCfg = Release|Any CPU
		{643F630B-4897-4699-86D2-457E56D708F7}.Release|Any CPU.Build.0 = Release|Any CPU
		{26B2695C-A5A5-47F6-8B4D-49899F56D3FB}.Debug|Any CPU.ActiveCfg = Debug|Any CPU
		{26B2695C-A5A5-47F6-8B4D-49899F56D3FB}.Debug|Any CPU.Build.0 = Debug|Any CPU
		{26B2695C-A5A5-47F6-8B4D-49899F56D3FB}.Release|Any CPU.ActiveCfg = Release|Any CPU
		{26B2695C-A5A5-47F6-8B4D-49899F56D3FB}.Release|Any CPU.Build.0 = Release|Any CPU
		{4CBAF9E7-72B3-4DC6-908B-C2B8A7E2C570}.Debug|Any CPU.ActiveCfg = Debug|Any CPU
		{4CBAF9E7-72B3-4DC6-908B-C2B8A7E2C570}.Debug|Any CPU.Build.0 = Debug|Any CPU
		{4CBAF9E7-72B3-4DC6-908B-C2B8A7E2C570}.Release|Any CPU.ActiveCfg = Release|Any CPU
		{4CBAF9E7-72B3-4DC6-908B-C2B8A7E2C570}.Release|Any CPU.Build.0 = Release|Any CPU
		{119CA9B4-CFB7-4FA5-A735-FE7C8C4F3E86}.Debug|Any CPU.ActiveCfg = Debug|Any CPU
		{119CA9B4-CFB7-4FA5-A735-FE7C8C4F3E86}.Debug|Any CPU.Build.0 = Debug|Any CPU
		{119CA9B4-CFB7-4FA5-A735-FE7C8C4F3E86}.Release|Any CPU.ActiveCfg = Release|Any CPU
		{119CA9B4-CFB7-4FA5-A735-FE7C8C4F3E86}.Release|Any CPU.Build.0 = Release|Any CPU
	EndGlobalSection
	GlobalSection(SolutionProperties) = preSolution
		HideSolutionNode = FALSE
	EndGlobalSection
	GlobalSection(NestedProjects) = preSolution
		{4CBAF9E7-72B3-4DC6-908B-C2B8A7E2C570} = {0E2AB779-B50C-4471-BE21-AE148EDE0B40}
		{26B2695C-A5A5-47F6-8B4D-49899F56D3FB} = {0E2AB779-B50C-4471-BE21-AE148EDE0B40}
		{119CA9B4-CFB7-4FA5-A735-FE7C8C4F3E86} = {0E2AB779-B50C-4471-BE21-AE148EDE0B40}
	EndGlobalSection
EndGlobal
