
Microsoft Visual Studio Solution File, Format Version 12.00
# Visual Studio 2013
VisualStudioVersion = 12.0.21005.1
MinimumVisualStudioVersion = 10.0.40219.1
Project("{F2A71F9B-5D33-465A-A702-920D77279786}") = "FSharpNews.DataPuller", "FSharpNews.DataPuller\FSharpNews.DataPuller.fsproj", "{ADCAEDC4-5172-4052-835F-EB206DE6ED06}"
EndProject
Project("{F2A71F9B-5D33-465A-A702-920D77279786}") = "FSharpNews.Data", "FSharpNews.Data\FSharpNews.Data.fsproj", "{A351991A-045F-4D07-94DD-C83BCF47790A}"
EndProject
Project("{F2A71F9B-5D33-465A-A702-920D77279786}") = "FSharpNews.Utils", "FSharpNews.Utils\FSharpNews.Utils.fsproj", "{18F43F82-0F6E-48F8-A57D-9ACBE5387CC3}"
EndProject
Project("{2150E333-8FDC-42A3-9474-1A3956D46DE8}") = ".nuget", ".nuget", "{E982D014-D4D7-46CB-A58C-9FD70CC16922}"
	ProjectSection(SolutionItems) = preProject
		.nuget\NuGet.Config = .nuget\NuGet.Config
		.nuget\NuGet.exe = .nuget\NuGet.exe
		.nuget\NuGet.targets = .nuget\NuGet.targets
	EndProjectSection
EndProject
Project("{F2A71F9B-5D33-465A-A702-920D77279786}") = "FSharpNews.Web.Frontend", "FSharpNews.Web.Frontend\FSharpNews.Web.Frontend.fsproj", "{643F630B-4897-4699-86D2-457E56D708F7}"
EndProject
Project("{F2A71F9B-5D33-465A-A702-920D77279786}") = "FSharpNews.Tests.Acceptance", "FSharpNews.Tests.Acceptance\FSharpNews.Tests.Acceptance.fsproj", "{26B2695C-A5A5-47F6-8B4D-49899F56D3FB}"
EndProject
Global
	GlobalSection(SolutionConfigurationPlatforms) = preSolution
		Debug|Any CPU = Debug|Any CPU
		Release|Any CPU = Release|Any CPU
	EndGlobalSection
	GlobalSection(ProjectConfigurationPlatforms) = postSolution
		{ADCAEDC4-5172-4052-835F-EB206DE6ED06}.Debug|Any CPU.ActiveCfg = Debug|Any CPU
		{ADCAEDC4-5172-4052-835F-EB206DE6ED06}.Debug|Any CPU.Build.0 = Debug|Any CPU
		{ADCAEDC4-5172-4052-835F-EB206DE6ED06}.Release|Any CPU.ActiveCfg = Release|Any CPU
		{ADCAEDC4-5172-4052-835F-EB206DE6ED06}.Release|Any CPU.Build.0 = Release|Any CPU
		{A351991A-045F-4D07-94DD-C83BCF47790A}.Debug|Any CPU.ActiveCfg = Debug|Any CPU
		{A351991A-045F-4D07-94DD-C83BCF47790A}.Debug|Any CPU.Build.0 = Debug|Any CPU
		{A351991A-045F-4D07-94DD-C83BCF47790A}.Release|Any CPU.ActiveCfg = Release|Any CPU
		{A351991A-045F-4D07-94DD-C83BCF47790A}.Release|Any CPU.Build.0 = Release|Any CPU
		{18F43F82-0F6E-48F8-A57D-9ACBE5387CC3}.Debug|Any CPU.ActiveCfg = Debug|Any CPU
		{18F43F82-0F6E-48F8-A57D-9ACBE5387CC3}.Debug|Any CPU.Build.0 = Debug|Any CPU
		{18F43F82-0F6E-48F8-A57D-9ACBE5387CC3}.Release|Any CPU.ActiveCfg = Release|Any CPU
		{18F43F82-0F6E-48F8-A57D-9ACBE5387CC3}.Release|Any CPU.Build.0 = Release|Any CPU
		{643F630B-4897-4699-86D2-457E56D708F7}.Debug|Any CPU.ActiveCfg = Debug|Any CPU
		{643F630B-4897-4699-86D2-457E56D708F7}.Debug|Any CPU.Build.0 = Debug|Any CPU
		{643F630B-4897-4699-86D2-457E56D708F7}.Release|Any CPU.ActiveCfg = Release|Any CPU
		{643F630B-4897-4699-86D2-457E56D708F7}.Release|Any CPU.Build.0 = Release|Any CPU
		{26B2695C-A5A5-47F6-8B4D-49899F56D3FB}.Debug|Any CPU.ActiveCfg = Debug|Any CPU
		{26B2695C-A5A5-47F6-8B4D-49899F56D3FB}.Debug|Any CPU.Build.0 = Debug|Any CPU
		{26B2695C-A5A5-47F6-8B4D-49899F56D3FB}.Release|Any CPU.ActiveCfg = Release|Any CPU
		{26B2695C-A5A5-47F6-8B4D-49899F56D3FB}.Release|Any CPU.Build.0 = Release|Any CPU
	EndGlobalSection
	GlobalSection(SolutionProperties) = preSolution
		HideSolutionNode = FALSE
	EndGlobalSection
EndGlobal
